
Microsoft Visual Studio Solution File, Format Version 12.00
# Visual Studio 15
VisualStudioVersion = 15.0.26228.4
MinimumVisualStudioVersion = 10.0.40219.1
Project("{8BC9CEB8-8B4A-11D0-8D11-00A0C91BC942}") = "Sprawozdanie Zadanie 2", "Sprawozdanie Zadanie 2\Sprawozdanie Zadanie 2.vcxproj", "{5F4F5473-BA7B-48FD-819A-94A35748A6DF}"
EndProject
Project("{8BC9CEB8-8B4A-11D0-8D11-00A0C91BC942}") = "Sprawozdanie Zadanie 3", "Sprawozdanie zadanie 3\Sprawozdanie zadanie 3.vcxproj", "{2C4E4617-A72D-457C-8D40-D26FAE18FAA1}"
EndProject
Project("{8BC9CEB8-8B4A-11D0-8D11-00A0C91BC942}") = "Sprawozdanie Zadanie 4", "Sprawozdanie Zadanie 4\Sprawozdanie Zadanie 4.vcxproj", "{9DBC65F4-9A7B-4353-BBB2-7251238F967A}"
EndProject
Project("{8BC9CEB8-8B4A-11D0-8D11-00A0C91BC942}") = "Sprawozdanie Zadanie 1", "Sprawozdanie Zadanie 1\Sprawozdanie.vcxproj", "{E65B3104-FBA7-484A-9C4E-73F138C4E1C3}"
EndProject
Global
	GlobalSection(SolutionConfigurationPlatforms) = preSolution
		Debug|x64 = Debug|x64
		Debug|x86 = Debug|x86
		Release|x64 = Release|x64
		Release|x86 = Release|x86
	EndGlobalSection
	GlobalSection(ProjectConfigurationPlatforms) = postSolution
		{5F4F5473-BA7B-48FD-819A-94A35748A6DF}.Debug|x64.ActiveCfg = Debug|x64
		{5F4F5473-BA7B-48FD-819A-94A35748A6DF}.Debug|x64.Build.0 = Debug|x64
		{5F4F5473-BA7B-48FD-819A-94A35748A6DF}.Debug|x86.ActiveCfg = Debug|Win32
		{5F4F5473-BA7B-48FD-819A-94A35748A6DF}.Debug|x86.Build.0 = Debug|Win32
		{5F4F5473-BA7B-48FD-819A-94A35748A6DF}.Release|x64.ActiveCfg = Release|x64
		{5F4F5473-BA7B-48FD-819A-94A35748A6DF}.Release|x64.Build.0 = Release|x64
		{5F4F5473-BA7B-48FD-819A-94A35748A6DF}.Release|x86.ActiveCfg = Release|Win32
		{5F4F5473-BA7B-48FD-819A-94A35748A6DF}.Release|x86.Build.0 = Release|Win32
		{2C4E4617-A72D-457C-8D40-D26FAE18FAA1}.Debug|x64.ActiveCfg = Debug|x64
		{2C4E4617-A72D-457C-8D40-D26FAE18FAA1}.Debug|x64.Build.0 = Debug|x64
		{2C4E4617-A72D-457C-8D40-D26FAE18FAA1}.Debug|x86.ActiveCfg = Debug|Win32
		{2C4E4617-A72D-457C-8D40-D26FAE18FAA1}.Debug|x86.Build.0 = Debug|Win32
		{2C4E4617-A72D-457C-8D40-D26FAE18FAA1}.Release|x64.ActiveCfg = Release|x64
		{2C4E4617-A72D-457C-8D40-D26FAE18FAA1}.Release|x64.Build.0 = Release|x64
		{2C4E4617-A72D-457C-8D40-D26FAE18FAA1}.Release|x86.ActiveCfg = Release|Win32
		{2C4E4617-A72D-457C-8D40-D26FAE18FAA1}.Release|x86.Build.0 = Release|Win32
		{9DBC65F4-9A7B-4353-BBB2-7251238F967A}.Debug|x64.ActiveCfg = Debug|x64
		{9DBC65F4-9A7B-4353-BBB2-7251238F967A}.Debug|x64.Build.0 = Debug|x64
		{9DBC65F4-9A7B-4353-BBB2-7251238F967A}.Debug|x64.Deploy.0 = Debug|x64
		{9DBC65F4-9A7B-4353-BBB2-7251238F967A}.Debug|x86.ActiveCfg = Debug|Win32
		{9DBC65F4-9A7B-4353-BBB2-7251238F967A}.Debug|x86.Build.0 = Debug|Win32
		{9DBC65F4-9A7B-4353-BBB2-7251238F967A}.Debug|x86.Deploy.0 = Debug|Win32
		{9DBC65F4-9A7B-4353-BBB2-7251238F967A}.Release|x64.ActiveCfg = Release|x64
		{9DBC65F4-9A7B-4353-BBB2-7251238F967A}.Release|x64.Build.0 = Release|x64
		{9DBC65F4-9A7B-4353-BBB2-7251238F967A}.Release|x64.Deploy.0 = Release|x64
		{9DBC65F4-9A7B-4353-BBB2-7251238F967A}.Release|x86.ActiveCfg = Release|Win32
		{9DBC65F4-9A7B-4353-BBB2-7251238F967A}.Release|x86.Build.0 = Release|Win32
		{9DBC65F4-9A7B-4353-BBB2-7251238F967A}.Release|x86.Deploy.0 = Release|Win32
		{E65B3104-FBA7-484A-9C4E-73F138C4E1C3}.Debug|x64.ActiveCfg = Debug|x64
		{E65B3104-FBA7-484A-9C4E-73F138C4E1C3}.Debug|x64.Build.0 = Debug|x64
		{E65B3104-FBA7-484A-9C4E-73F138C4E1C3}.Debug|x86.ActiveCfg = Debug|Win32
		{E65B3104-FBA7-484A-9C4E-73F138C4E1C3}.Debug|x86.Build.0 = Debug|Win32
		{E65B3104-FBA7-484A-9C4E-73F138C4E1C3}.Release|x64.ActiveCfg = Release|x64
		{E65B3104-FBA7-484A-9C4E-73F138C4E1C3}.Release|x64.Build.0 = Release|x64
		{E65B3104-FBA7-484A-9C4E-73F138C4E1C3}.Release|x86.ActiveCfg = Release|Win32
		{E65B3104-FBA7-484A-9C4E-73F138C4E1C3}.Release|x86.Build.0 = Release|Win32
	EndGlobalSection
	GlobalSection(SolutionProperties) = preSolution
		HideSolutionNode = FALSE
	EndGlobalSection
EndGlobal
